{
  "version": 4,
  "terraform_version": "1.3.3",
  "serial": 6,
  "lineage": "6c398e7f-a752-b9c8-c624-78895413ee85",
  "outputs": {},
  "resources": [
    {
      "mode": "managed",
      "type": "google_sql_database_instance",
      "name": "mysql-from-tf",
      "provider": "provider[\"registry.terraform.io/hashicorp/google\"]",
      "instances": [
        {
          "schema_version": 0,
          "attributes": {
            "available_maintenance_versions": [],
            "clone": [],
            "connection_name": "sangtengkorak-terraform:us-central1:mysql-from-tf",
            "database_version": "MYSQL_8_0",
            "deletion_protection": false,
            "encryption_key_name": null,
            "first_ip_address": "35.188.176.88",
            "id": "mysql-from-tf",
            "ip_address": [
              {
                "ip_address": "35.188.176.88",
                "time_to_retire": "",
                "type": "PRIMARY"
              }
            ],
            "maintenance_version": "MYSQL_8_0_26.R20220809.02_02",
            "master_instance_name": "",
            "name": "mysql-from-tf",
            "private_ip_address": "",
            "project": "sangtengkorak-terraform",
            "public_ip_address": "35.188.176.88",
            "region": "us-central1",
            "replica_configuration": [],
            "restore_backup_context": [],
            "root_password": null,
            "self_link": "https://sqladmin.googleapis.com/sql/v1beta4/projects/sangtengkorak-terraform/instances/mysql-from-tf",
            "server_ca_cert": [
              {
                "cert": "-----BEGIN CERTIFICATE-----\nMIIDfzCCAmegAwIBAgIBADANBgkqhkiG9w0BAQsFADB3MS0wKwYDVQQuEyQzYTU5\nYWE3Zi0yNzNkLTRmYWUtYmEyYS04NjBiOGQyYWNkNzExIzAhBgNVBAMTGkdvb2ds\nZSBDbG91ZCBTUUwgU2VydmVyIENBMRQwEgYDVQQKEwtHb29nbGUsIEluYzELMAkG\nA1UEBhMCVVMwHhcNMjIxMDI1MTIzOTI5WhcNMzIxMDIyMTI0MDI5WjB3MS0wKwYD\nVQQuEyQzYTU5YWE3Zi0yNzNkLTRmYWUtYmEyYS04NjBiOGQyYWNkNzExIzAhBgNV\nBAMTGkdvb2dsZSBDbG91ZCBTUUwgU2VydmVyIENBMRQwEgYDVQQKEwtHb29nbGUs\nIEluYzELMAkGA1UEBhMCVVMwggEiMA0GCSqGSIb3DQEBAQUAA4IBDwAwggEKAoIB\nAQCB7dFIpzIJHCn7pe7nnoXC5yILGC1stJUFGqxoEx9fzsdfmIHVElZF1pesCz0i\nlCEIBOQFyXsCRd4Z3x2nqoYL7YMEOftl6C0qQwqoC5HhDHFkYW74kCzox2aNJTK/\nUUWmKSw8rINfXFQUZsw3DyJ6yaF1ikE8FQOvIESN6ISvJwKM0foRpx0ehrtD/iTJ\n3CreN7r0o9n1PelvZ4fIfAa9vzA3mfEQbWRKappv+XhFgQJuXwZabuiDhSEGBPTK\nv7Cn0yC2EESUQmJGlsimC307Q7diPpTJ5UowjnotyR7DsEMxEsIKq9LxMVvE6FBK\nVubfb9/UvCAsvqREuRqTeiM/AgMBAAGjFjAUMBIGA1UdEwEB/wQIMAYBAf8CAQAw\nDQYJKoZIhvcNAQELBQADggEBABkEOBEeSaSW/UWwZcVcpru3sJAhAWBIpW7iAXd2\nGrJwL0vJXvIfiLSFDG1AGAbCl76MHFPY81SnTiqu1a/8mgNNUIrAVkmLKOWtlbci\nrIOWE0lBNEauqo0S2iNw4OwEnYzd8lYfTFe8RDimIBkPtkkW0bA+Z9PRmZjMaU96\nNnF5eVkHBRd3GiwTgqp4bOqN2bcguAN0Gc8gnTL7wPcdiWtdD+GWDuhh9oeJmJKT\np+0Nzqf+J2hwhebRls9RLe4bBUxxwurBhv9QSypAUQoFp6wt058jGqZK7L2AaDLn\nyFx7zb2M4+CnzXegacr4Zjjuu31cUjOUWJwFDemNwMjRj5U=\n-----END CERTIFICATE-----",
                "common_name": "C=US,O=Google\\, Inc,CN=Google Cloud SQL Server CA,dnQualifier=3a59aa7f-273d-4fae-ba2a-860b8d2acd71",
                "create_time": "2022-10-25T12:39:29.547Z",
                "expiration_time": "2032-10-22T12:40:29.547Z",
                "sha1_fingerprint": "9aaec4f6a5ee297bb6d5eec89885fa71578dcfb6"
              }
            ],
            "service_account_email_address": "p578444975803-49q86f@gcp-sa-cloud-sql.iam.gserviceaccount.com",
            "settings": [
              {
                "activation_policy": "ALWAYS",
                "active_directory_config": [],
                "availability_type": "ZONAL",
                "backup_configuration": [
                  {
                    "backup_retention_settings": [
                      {
                        "retained_backups": 7,
                        "retention_unit": "COUNT"
                      }
                    ],
                    "binary_log_enabled": false,
                    "enabled": false,
                    "location": "",
                    "point_in_time_recovery_enabled": false,
                    "start_time": "07:00",
                    "transaction_log_retention_days": 7
                  }
                ],
                "collation": "",
                "database_flags": [],
                "disk_autoresize": true,
                "disk_autoresize_limit": 0,
                "disk_size": 10,
                "disk_type": "PD_SSD",
                "insights_config": [],
                "ip_configuration": [
                  {
                    "allocated_ip_range": "",
                    "authorized_networks": [],
                    "ipv4_enabled": true,
                    "private_network": "",
                    "require_ssl": false
                  }
                ],
                "location_preference": [
                  {
                    "follow_gae_application": "",
                    "secondary_zone": "",
                    "zone": "us-central1-c"
                  }
                ],
                "maintenance_window": [],
                "password_validation_policy": [],
                "pricing_plan": "PER_USE",
                "sql_server_audit_config": [],
                "tier": "db-f1-micro",
                "user_labels": {},
                "version": 1
              }
            ],
            "timeouts": null
          },
          "sensitive_attributes": [],
          "private": "eyJlMmJmYjczMC1lY2FhLTExZTYtOGY4OC0zNDM2M2JjN2M0YzAiOnsiY3JlYXRlIjoxODAwMDAwMDAwMDAwLCJkZWxldGUiOjE4MDAwMDAwMDAwMDAsInVwZGF0ZSI6MTgwMDAwMDAwMDAwMH19"
        }
      ]
    },
    {
      "mode": "managed",
      "type": "google_sql_user",
      "name": "users",
      "provider": "provider[\"registry.terraform.io/hashicorp/google\"]",
      "instances": [
        {
          "schema_version": 1,
          "attributes": {
            "deletion_policy": null,
            "host": "",
            "id": "mastengkorak//mysql-from-tf",
            "instance": "mysql-from-tf",
            "name": "mastengkorak",
            "password": "Pow3ranger",
            "password_policy": [],
            "project": "sangtengkorak-terraform",
            "sql_server_user_details": [],
            "timeouts": null,
            "type": ""
          },
          "sensitive_attributes": [],
          "private": "eyJlMmJmYjczMC1lY2FhLTExZTYtOGY4OC0zNDM2M2JjN2M0YzAiOnsiY3JlYXRlIjo2MDAwMDAwMDAwMDAsImRlbGV0ZSI6NjAwMDAwMDAwMDAwLCJ1cGRhdGUiOjYwMDAwMDAwMDAwMH0sInNjaGVtYV92ZXJzaW9uIjoiMSJ9",
          "dependencies": [
            "google_sql_database_instance.mysql-from-tf"
          ]
        }
      ]
    }
  ],
  "check_results": []
}
