{
  "version": 4,
  "terraform_version": "1.3.2",
  "serial": 59,
  "lineage": "0539e8c4-98d0-07c6-56b0-bf446922443c",
  "outputs": {},
  "resources": [
    {
      "mode": "managed",
      "type": "google_cloud_run_service",
      "name": "run-app-from-tf",
      "provider": "provider[\"registry.terraform.io/hashicorp/google\"]",
      "instances": [
        {
          "schema_version": 1,
          "attributes": {
            "autogenerate_revision_name": false,
            "id": "locations/asia-southeast1/namespaces/sangtengkorak-terraform/services/run-from-tf",
            "location": "asia-southeast1",
            "metadata": [
              {
                "annotations": {
                  "run.googleapis.com/ingress": "all",
                  "run.googleapis.com/ingress-status": "all",
                  "serving.knative.dev/creator": "sangtengkorak-sak@sangtengkorak-terraform.iam.gserviceaccount.com",
                  "serving.knative.dev/lastModifier": "sangtengkorak-sak@sangtengkorak-terraform.iam.gserviceaccount.com"
                },
                "generation": 3,
                "labels": {
                  "cloud.googleapis.com/location": "asia-southeast1"
                },
                "namespace": "sangtengkorak-terraform",
                "resource_version": "AAXreU5e+Lc",
                "self_link": "/apis/serving.knative.dev/v1/namespaces/578444975803/services/run-from-tf",
                "uid": "e29dcca3-8c2c-4349-bfe8-8db291a0012b"
              }
            ],
            "name": "run-from-tf",
            "project": "sangtengkorak-terraform",
            "status": [
              {
                "conditions": [
                  {
                    "message": "",
                    "reason": "",
                    "status": "True",
                    "type": "Ready"
                  },
                  {
                    "message": "",
                    "reason": "",
                    "status": "True",
                    "type": "ConfigurationsReady"
                  },
                  {
                    "message": "",
                    "reason": "",
                    "status": "True",
                    "type": "RoutesReady"
                  }
                ],
                "latest_created_revision_name": "run-from-tf-6hhp6",
                "latest_ready_revision_name": "run-from-tf-6hhp6",
                "observed_generation": 3,
                "url": "https://run-from-tf-dsuszbbisq-as.a.run.app"
              }
            ],
            "template": [
              {
                "metadata": [
                  {
                    "annotations": {
                      "autoscaling.knative.dev/maxScale": "3"
                    },
                    "generation": 0,
                    "labels": {},
                    "name": "",
                    "namespace": "",
                    "resource_version": "",
                    "self_link": "",
                    "uid": ""
                  }
                ],
                "spec": [
                  {
                    "container_concurrency": 80,
                    "containers": [
                      {
                        "args": [],
                        "command": [],
                        "env": [],
                        "env_from": [],
                        "image": "gcr.io/google-samples/hello-app:2.0",
                        "ports": [
                          {
                            "container_port": 8080,
                            "name": "http1",
                            "protocol": ""
                          }
                        ],
                        "resources": [
                          {
                            "limits": {
                              "cpu": "1000m",
                              "memory": "512Mi"
                            },
                            "requests": {}
                          }
                        ],
                        "volume_mounts": [],
                        "working_dir": ""
                      }
                    ],
                    "service_account_name": "578444975803-compute@developer.gserviceaccount.com",
                    "serving_state": "",
                    "timeout_seconds": 300,
                    "volumes": []
                  }
                ]
              }
            ],
            "timeouts": null,
            "traffic": [
              {
                "latest_revision": false,
                "percent": 50,
                "revision_name": "run-from-tf-rdsx7",
                "tag": "",
                "url": ""
              },
              {
                "latest_revision": false,
                "percent": 50,
                "revision_name": "run-from-tf-6hhp6",
                "tag": "",
                "url": ""
              }
            ]
          },
          "sensitive_attributes": [],
          "private": "eyJlMmJmYjczMC1lY2FhLTExZTYtOGY4OC0zNDM2M2JjN2M0YzAiOnsiY3JlYXRlIjoxMjAwMDAwMDAwMDAwLCJkZWxldGUiOjEyMDAwMDAwMDAwMDAsInVwZGF0ZSI6MTIwMDAwMDAwMDAwMH0sInNjaGVtYV92ZXJzaW9uIjoiMSJ9"
        }
      ]
    },
    {
      "mode": "managed",
      "type": "google_cloud_run_service_iam_binding",
      "name": "pub-acc-01",
      "provider": "provider[\"registry.terraform.io/hashicorp/google\"]",
      "instances": [
        {
          "schema_version": 0,
          "attributes": {
            "condition": [],
            "etag": "BwXreUCthv4=",
            "id": "v1/projects/sangtengkorak-terraform/locations/asia-southeast1/services/run-from-tf/roles/run.invoker",
            "location": "asia-southeast1",
            "members": [
              "allUsers"
            ],
            "project": "sangtengkorak-terraform",
            "role": "roles/run.invoker",
            "service": "v1/projects/sangtengkorak-terraform/locations/asia-southeast1/services/run-from-tf"
          },
          "sensitive_attributes": [],
          "private": "bnVsbA==",
          "dependencies": [
            "google_cloud_run_service.run-app-from-tf"
          ]
        }
      ]
    }
  ],
  "check_results": []
}
