{
  "version": 4,
  "terraform_version": "1.3.3",
  "serial": 15,
  "lineage": "05199587-40d7-490f-e309-e425715cebeb",
  "outputs": {},
  "resources": [
    {
      "mode": "managed",
      "type": "google_spanner_database",
      "name": "database_tf",
      "provider": "provider[\"registry.terraform.io/hashicorp/google\"]",
      "instances": [
        {
          "schema_version": 0,
          "attributes": {
            "database_dialect": "GOOGLE_STANDARD_SQL",
            "ddl": [
              "CREATE TABLE t1 (t1 INT64 NOT NULL,) PRIMARY KEY(t1)",
              "CREATE TABLE t2 (t2 INT64 NOT NULL,) PRIMARY KEY(t2)"
            ],
            "deletion_protection": false,
            "encryption_config": [],
            "id": "tfgen-spanid-20221025115127683/my-tf-database",
            "instance": "tfgen-spanid-20221025115127683",
            "name": "my-tf-database",
            "project": "sangtengkorak-terraform",
            "state": "READY",
            "timeouts": null,
            "version_retention_period": "1h"
          },
          "sensitive_attributes": [],
          "private": "eyJlMmJmYjczMC1lY2FhLTExZTYtOGY4OC0zNDM2M2JjN2M0YzAiOnsiY3JlYXRlIjoxMjAwMDAwMDAwMDAwLCJkZWxldGUiOjEyMDAwMDAwMDAwMDAsInVwZGF0ZSI6MTIwMDAwMDAwMDAwMH19",
          "dependencies": [
            "google_spanner_instance.spanner_from_tf"
          ]
        }
      ]
    },
    {
      "mode": "managed",
      "type": "google_spanner_instance",
      "name": "spanner_from_tf",
      "provider": "provider[\"registry.terraform.io/hashicorp/google\"]",
      "instances": [
        {
          "schema_version": 0,
          "attributes": {
            "config": "projects/sangtengkorak-terraform/instanceConfigs/regional-asia-southeast1",
            "display_name": "Spanner from TF",
            "force_destroy": false,
            "id": "sangtengkorak-terraform/tfgen-spanid-20221025115127683",
            "labels": {
              "env": "learning_tf"
            },
            "name": "tfgen-spanid-20221025115127683",
            "num_nodes": 1,
            "processing_units": 1000,
            "project": "sangtengkorak-terraform",
            "state": "READY",
            "timeouts": null
          },
          "sensitive_attributes": [],
          "private": "eyJlMmJmYjczMC1lY2FhLTExZTYtOGY4OC0zNDM2M2JjN2M0YzAiOnsiY3JlYXRlIjoxMjAwMDAwMDAwMDAwLCJkZWxldGUiOjEyMDAwMDAwMDAwMDAsInVwZGF0ZSI6MTIwMDAwMDAwMDAwMH19"
        }
      ]
    }
  ],
  "check_results": []
}
