{
  "version": 4,
  "terraform_version": "1.3.2",
  "serial": 26,
  "lineage": "d061f26a-2396-a3e7-7ece-6d71a6bc5b8c",
  "outputs": {},
  "resources": [
    {
      "mode": "managed",
      "type": "google_compute_attached_disk",
      "name": "attach-01",
      "provider": "provider[\"registry.terraform.io/hashicorp/google\"]",
      "instances": [
        {
          "schema_version": 0,
          "attributes": {
            "device_name": "persistent-disk-1",
            "disk": "projects/sangtengkorak-terraform/zones/us-central1-a/disks/disk-01",
            "id": "projects/sangtengkorak-terraform/zones/us-central1-a/instances/vm-from-tf/disk-01",
            "instance": "projects/sangtengkorak-terraform/zones/us-central1-a/instances/vm-from-tf",
            "mode": "READ_WRITE",
            "project": "sangtengkorak-terraform",
            "timeouts": null,
            "zone": "us-central1-a"
          },
          "sensitive_attributes": [],
          "private": "eyJlMmJmYjczMC1lY2FhLTExZTYtOGY4OC0zNDM2M2JjN2M0YzAiOnsiY3JlYXRlIjozMDAwMDAwMDAwMDAsImRlbGV0ZSI6MzAwMDAwMDAwMDAwfX0=",
          "dependencies": [
            "google_compute_disk.disk-01",
            "google_compute_instance.vm-from-tf"
          ]
        }
      ]
    },
    {
      "mode": "managed",
      "type": "google_compute_disk",
      "name": "disk-01",
      "provider": "provider[\"registry.terraform.io/hashicorp/google\"]",
      "instances": [
        {
          "schema_version": 0,
          "attributes": {
            "creation_timestamp": "2022-10-18T08:14:16.737-07:00",
            "description": "",
            "disk_encryption_key": [],
            "id": "projects/sangtengkorak-terraform/zones/us-central1-a/disks/disk-01",
            "image": "",
            "label_fingerprint": "42WmSpB8rSM=",
            "labels": {},
            "last_attach_timestamp": "",
            "last_detach_timestamp": "",
            "name": "disk-01",
            "physical_block_size_bytes": 4096,
            "project": "sangtengkorak-terraform",
            "provisioned_iops": 0,
            "self_link": "https://www.googleapis.com/compute/v1/projects/sangtengkorak-terraform/zones/us-central1-a/disks/disk-01",
            "size": 10,
            "snapshot": "",
            "source_image_encryption_key": [],
            "source_image_id": "",
            "source_snapshot_encryption_key": [],
            "source_snapshot_id": "",
            "timeouts": null,
            "type": "pd-ssd",
            "users": [],
            "zone": "us-central1-a"
          },
          "sensitive_attributes": [],
          "private": "eyJlMmJmYjczMC1lY2FhLTExZTYtOGY4OC0zNDM2M2JjN2M0YzAiOnsiY3JlYXRlIjoxMjAwMDAwMDAwMDAwLCJkZWxldGUiOjEyMDAwMDAwMDAwMDAsInVwZGF0ZSI6MTIwMDAwMDAwMDAwMH19"
        }
      ]
    },
    {
      "mode": "managed",
      "type": "google_compute_instance",
      "name": "vm-from-tf",
      "provider": "provider[\"registry.terraform.io/hashicorp/google\"]",
      "instances": [
        {
          "schema_version": 6,
          "attributes": {
            "advanced_machine_features": [],
            "allow_stopping_for_update": true,
            "attached_disk": [],
            "boot_disk": [
              {
                "auto_delete": false,
                "device_name": "persistent-disk-0",
                "disk_encryption_key_raw": "",
                "disk_encryption_key_sha256": "",
                "initialize_params": [
                  {
                    "image": "https://www.googleapis.com/compute/v1/projects/fedora-cloud/global/images/fedora-cloud-base-gcp-34-1-2-x86-64",
                    "labels": {},
                    "size": 35,
                    "type": "pd-standard"
                  }
                ],
                "kms_key_self_link": "",
                "mode": "READ_WRITE",
                "source": "https://www.googleapis.com/compute/v1/projects/sangtengkorak-terraform/zones/us-central1-a/disks/vm-from-tf"
              }
            ],
            "can_ip_forward": false,
            "confidential_instance_config": [],
            "cpu_platform": "Intel Broadwell",
            "current_status": "RUNNING",
            "deletion_protection": false,
            "description": "",
            "desired_status": null,
            "enable_display": false,
            "guest_accelerator": [],
            "hostname": "",
            "id": "projects/sangtengkorak-terraform/zones/us-central1-a/instances/vm-from-tf",
            "instance_id": "9137259659447698751",
            "label_fingerprint": "SReWnVk0Mgw=",
            "labels": {
              "dep": "engineering",
              "env": "tflearning"
            },
            "machine_type": "e2-medium",
            "metadata": {},
            "metadata_fingerprint": "JFX8gHy0l-Q=",
            "metadata_startup_script": null,
            "min_cpu_platform": "",
            "name": "vm-from-tf",
            "network_interface": [
              {
                "access_config": [],
                "alias_ip_range": [],
                "ipv6_access_config": [],
                "ipv6_access_type": "",
                "name": "nic0",
                "network": "https://www.googleapis.com/compute/v1/projects/sangtengkorak-terraform/global/networks/default",
                "network_ip": "10.128.0.3",
                "nic_type": "",
                "queue_count": 0,
                "stack_type": "IPV4_ONLY",
                "subnetwork": "https://www.googleapis.com/compute/v1/projects/sangtengkorak-terraform/regions/us-central1/subnetworks/default",
                "subnetwork_project": "sangtengkorak-terraform"
              }
            ],
            "project": "sangtengkorak-terraform",
            "reservation_affinity": [],
            "resource_policies": [],
            "scheduling": [
              {
                "automatic_restart": false,
                "instance_termination_action": "",
                "min_node_cpus": 0,
                "node_affinities": [],
                "on_host_maintenance": "TERMINATE",
                "preemptible": true,
                "provisioning_model": ""
              }
            ],
            "scratch_disk": [],
            "self_link": "https://www.googleapis.com/compute/v1/projects/sangtengkorak-terraform/zones/us-central1-a/instances/vm-from-tf",
            "service_account": [
              {
                "email": "sangtengkorak-sak@sangtengkorak-terraform.iam.gserviceaccount.com",
                "scopes": [
                  "https://www.googleapis.com/auth/cloud-platform"
                ]
              }
            ],
            "shielded_instance_config": [
              {
                "enable_integrity_monitoring": true,
                "enable_secure_boot": false,
                "enable_vtpm": true
              }
            ],
            "tags": [],
            "tags_fingerprint": "42WmSpB8rSM=",
            "timeouts": null,
            "zone": "us-central1-a"
          },
          "sensitive_attributes": [],
          "private": "eyJlMmJmYjczMC1lY2FhLTExZTYtOGY4OC0zNDM2M2JjN2M0YzAiOnsiY3JlYXRlIjoxMjAwMDAwMDAwMDAwLCJkZWxldGUiOjEyMDAwMDAwMDAwMDAsInVwZGF0ZSI6MTIwMDAwMDAwMDAwMH0sInNjaGVtYV92ZXJzaW9uIjoiNiJ9"
        }
      ]
    }
  ],
  "check_results": []
}
