{
  "version": 4,
  "terraform_version": "1.3.2",
  "serial": 6,
  "lineage": "5f185251-84ff-bb5c-0936-72bbe6b01084",
  "outputs": {
    "name1": {
      "value": 715,
      "type": "number"
    }
  },
  "resources": [
    {
      "mode": "managed",
      "type": "random_integer",
      "name": "rint",
      "provider": "provider[\"registry.terraform.io/hashicorp/random\"]",
      "instances": [
        {
          "schema_version": 0,
          "attributes": {
            "id": "715",
            "keepers": null,
            "max": 875,
            "min": 55,
            "result": 715,
            "seed": null
          },
          "sensitive_attributes": []
        }
      ]
    }
  ],
  "check_results": []
}
