{
  "version": 4,
  "terraform_version": "1.3.2",
  "serial": 2,
  "lineage": "54531433-b06a-84f4-02da-e96833f15e94",
  "outputs": {},
  "resources": [
    {
      "mode": "managed",
      "type": "local_file",
      "name": "sample_res",
      "provider": "provider[\"registry.terraform.io/hashicorp/local\"]",
      "instances": [
        {
          "schema_version": 0,
          "attributes": {
            "content": null,
            "content_base64": null,
            "directory_permission": "0777",
            "file_permission": "0777",
            "filename": "sample_args.txt",
            "id": "dee17a7fff03d081884253c9c46ae1d5beeaa36a",
            "sensitive_content": "I Love Terraform",
            "source": null
          },
          "sensitive_attributes": [],
          "private": "bnVsbA=="
        }
      ]
    }
  ],
  "check_results": []
}
