{
  "version": 4,
  "terraform_version": "1.3.2",
  "serial": 16,
  "lineage": "12b0b2f1-55ff-705c-dfda-2364e7eabab6",
  "outputs": {},
  "resources": [
    {
      "mode": "managed",
      "type": "local_file",
      "name": "name1",
      "provider": "provider[\"registry.terraform.io/hashicorp/local\"]",
      "instances": [
        {
          "schema_version": 0,
          "attributes": {
            "content": "This is random string from random provider: xGf7NVYXBm",
            "content_base64": null,
            "directory_permission": "0777",
            "file_permission": "0777",
            "filename": "implicit.txt",
            "id": "a3e982d86225c69f93583947088dd2acd65218bf",
            "sensitive_content": null,
            "source": null
          },
          "sensitive_attributes": [],
          "private": "bnVsbA==",
          "dependencies": [
            "random_string.name2"
          ]
        }
      ]
    },
    {
      "mode": "managed",
      "type": "random_string",
      "name": "name2",
      "provider": "provider[\"registry.terraform.io/hashicorp/random\"]",
      "instances": [
        {
          "schema_version": 2,
          "attributes": {
            "id": "xGf7NVYXBm",
            "keepers": null,
            "length": 10,
            "lower": true,
            "min_lower": 0,
            "min_numeric": 0,
            "min_special": 0,
            "min_upper": 0,
            "number": true,
            "numeric": true,
            "override_special": null,
            "result": "xGf7NVYXBm",
            "special": true,
            "upper": true
          },
          "sensitive_attributes": []
        }
      ]
    }
  ],
  "check_results": []
}
