{
  "version": 4,
  "terraform_version": "1.3.3",
  "serial": 135,
  "lineage": "f3250cdc-6e26-95f5-9c7e-7c914c0ed4fd",
  "outputs": {
    "function_uri": {
      "value": "https://function-from-tf-dsuszbbisq-uc.a.run.app",
      "type": "string"
    }
  },
  "resources": [
    {
      "mode": "managed",
      "type": "google_cloudfunctions2_function",
      "name": "createdbytf-function",
      "provider": "provider[\"registry.terraform.io/hashicorp/google\"]",
      "instances": [
        {
          "schema_version": 0,
          "attributes": {
            "build_config": [
              {
                "build": "projects/578444975803/locations/us-central1/builds/3048e38e-8082-4565-9e19-72dd53fc59bf",
                "docker_repository": "",
                "entry_point": "helloHttp",
                "environment_variables": {},
                "runtime": "nodejs16",
                "source": [
                  {
                    "repo_source": [],
                    "storage_source": [
                      {
                        "bucket": "bb9581e8919382a3-gcf-source",
                        "generation": 0,
                        "object": "function-source.zip"
                      }
                    ]
                  }
                ],
                "worker_pool": ""
              }
            ],
            "description": "a new function",
            "environment": "GEN_2",
            "event_trigger": [],
            "id": "projects/sangtengkorak-terraform/locations/us-central1/functions/function-from-tf",
            "labels": {},
            "location": "us-central1",
            "name": "function-from-tf",
            "project": "sangtengkorak-terraform",
            "service_config": [
              {
                "all_traffic_on_latest_revision": true,
                "available_memory": "128Mi",
                "environment_variables": {},
                "gcf_uri": "",
                "ingress_settings": "ALLOW_ALL",
                "max_instance_count": 1,
                "min_instance_count": 0,
                "secret_environment_variables": [],
                "secret_volumes": [],
                "service": "projects/sangtengkorak-terraform/locations/us-central1/services/function-from-tf",
                "service_account_email": "578444975803-compute@developer.gserviceaccount.com",
                "timeout_seconds": 300,
                "uri": "https://function-from-tf-dsuszbbisq-uc.a.run.app",
                "vpc_connector": "",
                "vpc_connector_egress_settings": ""
              }
            ],
            "state": "ACTIVE",
            "timeouts": null,
            "update_time": "2022-10-22T13:03:49.661994598Z"
          },
          "sensitive_attributes": [],
          "private": "eyJlMmJmYjczMC1lY2FhLTExZTYtOGY4OC0zNDM2M2JjN2M0YzAiOnsiY3JlYXRlIjozNjAwMDAwMDAwMDAwLCJkZWxldGUiOjM2MDAwMDAwMDAwMDAsInVwZGF0ZSI6MzYwMDAwMDAwMDAwMH19",
          "dependencies": [
            "google_storage_bucket.createdbytf-bucket",
            "google_storage_bucket_object.cf_app",
            "random_id.bucket_prefix"
          ]
        }
      ]
    },
    {
      "mode": "managed",
      "type": "google_cloudfunctions2_function_iam_member",
      "name": "member",
      "provider": "provider[\"registry.terraform.io/hashicorp/google\"]",
      "instances": [
        {
          "schema_version": 0,
          "attributes": {
            "cloud_function": "projects/sangtengkorak-terraform/locations/us-central1/functions/function-from-tf",
            "condition": [],
            "etag": "BwXrnzYTpZM=",
            "id": "projects/sangtengkorak-terraform/locations/us-central1/functions/function-from-tf/roles/cloudfunctions.invoker/allUsers",
            "location": "us-central1",
            "member": "allUsers",
            "project": "sangtengkorak-terraform",
            "role": "roles/cloudfunctions.invoker"
          },
          "sensitive_attributes": [],
          "private": "bnVsbA==",
          "dependencies": [
            "google_cloudfunctions2_function.createdbytf-function",
            "google_storage_bucket.createdbytf-bucket",
            "google_storage_bucket_object.cf_app",
            "random_id.bucket_prefix"
          ]
        }
      ]
    },
    {
      "mode": "managed",
      "type": "google_storage_bucket",
      "name": "createdbytf-bucket",
      "provider": "provider[\"registry.terraform.io/hashicorp/google\"]",
      "instances": [
        {
          "schema_version": 0,
          "attributes": {
            "cors": [],
            "custom_placement_config": [],
            "default_event_based_hold": false,
            "encryption": [],
            "force_destroy": false,
            "id": "bb9581e8919382a3-gcf-source",
            "labels": {},
            "lifecycle_rule": [],
            "location": "US-CENTRAL1",
            "logging": [],
            "name": "bb9581e8919382a3-gcf-source",
            "project": "sangtengkorak-terraform",
            "requester_pays": false,
            "retention_policy": [],
            "self_link": "https://www.googleapis.com/storage/v1/b/bb9581e8919382a3-gcf-source",
            "storage_class": "STANDARD",
            "timeouts": null,
            "uniform_bucket_level_access": true,
            "url": "gs://bb9581e8919382a3-gcf-source",
            "versioning": [],
            "website": []
          },
          "sensitive_attributes": [],
          "private": "eyJlMmJmYjczMC1lY2FhLTExZTYtOGY4OC0zNDM2M2JjN2M0YzAiOnsiY3JlYXRlIjoyNDAwMDAwMDAwMDAsInJlYWQiOjI0MDAwMDAwMDAwMCwidXBkYXRlIjoyNDAwMDAwMDAwMDB9fQ==",
          "dependencies": [
            "random_id.bucket_prefix"
          ]
        }
      ]
    },
    {
      "mode": "managed",
      "type": "google_storage_bucket_object",
      "name": "cf_app",
      "provider": "provider[\"registry.terraform.io/hashicorp/google\"]",
      "instances": [
        {
          "schema_version": 0,
          "attributes": {
            "bucket": "bb9581e8919382a3-gcf-source",
            "cache_control": "",
            "content": null,
            "content_disposition": "",
            "content_encoding": "",
            "content_language": "",
            "content_type": "application/zip",
            "crc32c": "d6t47A==",
            "customer_encryption": [],
            "detect_md5hash": "ZcoNJpGbwXCsueanqJZQTg==",
            "event_based_hold": false,
            "id": "bb9581e8919382a3-gcf-source-function-source.zip",
            "kms_key_name": "",
            "md5hash": "ZcoNJpGbwXCsueanqJZQTg==",
            "media_link": "https://storage.googleapis.com/download/storage/v1/b/bb9581e8919382a3-gcf-source/o/function-source.zip?generation=1666443667428457\u0026alt=media",
            "metadata": {},
            "name": "function-source.zip",
            "output_name": "function-source.zip",
            "self_link": "https://www.googleapis.com/storage/v1/b/bb9581e8919382a3-gcf-source/o/function-source.zip",
            "source": "/home/sangtengkorak/Documents/Terraform/Terraform_GCP/Functions/function-source.zip",
            "storage_class": "STANDARD",
            "temporary_hold": false,
            "timeouts": null
          },
          "sensitive_attributes": [],
          "private": "eyJlMmJmYjczMC1lY2FhLTExZTYtOGY4OC0zNDM2M2JjN2M0YzAiOnsiY3JlYXRlIjoyNDAwMDAwMDAwMDAsImRlbGV0ZSI6MjQwMDAwMDAwMDAwLCJ1cGRhdGUiOjI0MDAwMDAwMDAwMH19",
          "dependencies": [
            "google_storage_bucket.createdbytf-bucket",
            "random_id.bucket_prefix"
          ]
        }
      ]
    },
    {
      "mode": "managed",
      "type": "random_id",
      "name": "bucket_prefix",
      "provider": "provider[\"registry.terraform.io/hashicorp/random\"]",
      "instances": [
        {
          "schema_version": 0,
          "attributes": {
            "b64_std": "u5WB6JGTgqM=",
            "b64_url": "u5WB6JGTgqM",
            "byte_length": 8,
            "dec": "13516852692497171107",
            "hex": "bb9581e8919382a3",
            "id": "u5WB6JGTgqM",
            "keepers": null,
            "prefix": null
          },
          "sensitive_attributes": []
        }
      ]
    }
  ],
  "check_results": []
}
